
Microsoft Visual Studio Solution File, Format Version 12.00
# Visual Studio Version 16
VisualStudioVersion = 16.0.33927.289
MinimumVisualStudioVersion = 10.0.40219.1
Project("{888888A0-9F3D-457C-B088-3A5042F75D52}") = "FinalProject_AQ_EB_KS", "FinalProject_AQ_EB_KS\FinalProject_AQ_EB_KS.pyproj", "{B25FD051-1F1E-4B20-90E2-EDC4128B5CBE}"
EndProject
Global
	GlobalSection(SolutionConfigurationPlatforms) = preSolution
		Debug|Any CPU = Debug|Any CPU
		Release|Any CPU = Release|Any CPU
	EndGlobalSection
	GlobalSection(ProjectConfigurationPlatforms) = postSolution
		{B25FD051-1F1E-4B20-90E2-EDC4128B5CBE}.Debug|Any CPU.ActiveCfg = Debug|Any CPU
		{B25FD051-1F1E-4B20-90E2-EDC4128B5CBE}.Release|Any CPU.ActiveCfg = Release|Any CPU
	EndGlobalSection
	GlobalSection(SolutionProperties) = preSolution
		HideSolutionNode = FALSE
	EndGlobalSection
	GlobalSection(ExtensibilityGlobals) = postSolution
		SolutionGuid = {12410A45-024C-4BE9-AA06-1432824C0942}
	EndGlobalSection
EndGlobal
